
Microsoft Visual Studio Solution File, Format Version 12.00
# Visual Studio 15
VisualStudioVersion = 15.0.27703.2035
MinimumVisualStudioVersion = 10.0.40219.1
Project("{FAE04EC0-301F-11D3-BF4B-00C04F79EFBC}") = "MultiplyingApp", "MultiplyingApp\MultiplyingApp.csproj", "{51F9B817-9C53-418C-BDBA-0A627A620403}"
EndProject
Global
	GlobalSection(SolutionConfigurationPlatforms) = preSolution
		Debug|Any CPU = Debug|Any CPU
		Release|Any CPU = Release|Any CPU
	EndGlobalSection
	GlobalSection(ProjectConfigurationPlatforms) = postSolution
		{51F9B817-9C53-418C-BDBA-0A627A620403}.Debug|Any CPU.ActiveCfg = Debug|Any CPU
		{51F9B817-9C53-418C-BDBA-0A627A620403}.Debug|Any CPU.Build.0 = Debug|Any CPU
		{51F9B817-9C53-418C-BDBA-0A627A620403}.Release|Any CPU.ActiveCfg = Release|Any CPU
		{51F9B817-9C53-418C-BDBA-0A627A620403}.Release|Any CPU.Build.0 = Release|Any CPU
	EndGlobalSection
	GlobalSection(SolutionProperties) = preSolution
		HideSolutionNode = FALSE
	EndGlobalSection
	GlobalSection(ExtensibilityGlobals) = postSolution
		SolutionGuid = {9CC0037E-274A-4B99-86C5-C988E850F985}
	EndGlobalSection
EndGlobal
